{
  "name": "vuepressBlog",
  "version": "1.0.0",
  "lockfileVersion": 1,
  "requires": true,
  "dependencies": {
    "vuepress-theme-reco": {
      "version": "0.0.3",
      "resolved": "https://registry.npmjs.org/vuepress-theme-reco/-/vuepress-theme-reco-0.0.3.tgz",
      "integrity": "sha512-T3Lt2DyXo4W3meLtxAOv92EoWUZdtfB7wJbTV5ecDmph2Ns12C7ozQM4NNZjFU6pYBo5ksam2SjHUOKRoFj43Q=="
    }
  }
}
